// !$*UTF8*$!
{
	archiveVersion = 1;
	classes = {
	};
	objectVersion = 50;
	objects = {

/* Begin PBXBuildFile section */
		4980429C20C90AA300DB2839 /* AppDelegate.swift in Sources */ = {isa = PBXBuildFile; fileRef = 4980429B20C90AA300DB2839 /* AppDelegate.swift */; };
		4980429E20C90AA300DB2839 /* ViewController.swift in Sources */ = {isa = PBXBuildFile; fileRef = 4980429D20C90AA300DB2839 /* ViewController.swift */; };
		498042A120C90AA400DB2839 /* Main.storyboard in Resources */ = {isa = PBXBuildFile; fileRef = 4980429F20C90AA400DB2839 /* Main.storyboard */; };
		498042A320C90ABA00DB2839 /* Assets.xcassets in Resources */ = {isa = PBXBuildFile; fileRef = 498042A220C90ABA00DB2839 /* Assets.xcassets */; };
		498042A620C90ABA00DB2839 /* LaunchScreen.storyboard in Resources */ = {isa = PBXBuildFile; fileRef = 498042A420C90ABA00DB2839 /* LaunchScreen.storyboard */; };
		498042AE20C90B4900DB2839 /* ShakingTextField.swift in Sources */ = {isa = PBXBuildFile; fileRef = 498042AD20C90B4900DB2839 /* ShakingTextField.swift */; };
		498042B020C9158F00DB2839 /* Pulsing.swift in Sources */ = {isa = PBXBuildFile; fileRef = 498042AF20C9158F00DB2839 /* Pulsing.swift */; };
/* End PBXBuildFile section */

/* Begin PBXFileReference section */
		4980429820C90AA300DB2839 /* PulseCircle&ShakeTextField.app */ = {isa = PBXFileReference; explicitFileType = wrapper.application; includeInIndex = 0; path = "PulseCircle&ShakeTextField.app"; sourceTree = BUILT_PRODUCTS_DIR; };
		4980429B20C90AA300DB2839 /* AppDelegate.swift */ = {isa = PBXFileReference; lastKnownFileType = sourcecode.swift; path = AppDelegate.swift; sourceTree = "<group>"; };
		4980429D20C90AA300DB2839 /* ViewController.swift */ = {isa = PBXFileReference; lastKnownFileType = sourcecode.swift; path = ViewController.swift; sourceTree = "<group>"; };
		498042A020C90AA400DB2839 /* Base */ = {isa = PBXFileReference; lastKnownFileType = file.storyboard; name = Base; path = Base.lproj/Main.storyboard; sourceTree = "<group>"; };
		498042A220C90ABA00DB2839 /* Assets.xcassets */ = {isa = PBXFileReference; lastKnownFileType = folder.assetcatalog; path = Assets.xcassets; sourceTree = "<group>"; };
		498042A520C90ABA00DB2839 /* Base */ = {isa = PBXFileReference; lastKnownFileType = file.storyboard; name = Base; path = Base.lproj/LaunchScreen.storyboard; sourceTree = "<group>"; };
		498042A720C90ABA00DB2839 /* Info.plist */ = {isa = PBXFileReference; lastKnownFileType = text.plist.xml; path = Info.plist; sourceTree = "<group>"; };
		498042AD20C90B4900DB2839 /* ShakingTextField.swift */ = {isa = PBXFileReference; lastKnownFileType = sourcecode.swift; path = ShakingTextField.swift; sourceTree = "<group>"; };
		498042AF20C9158F00DB2839 /* Pulsing.swift */ = {isa = PBXFileReference; lastKnownFileType = sourcecode.swift; path = Pulsing.swift; sourceTree = "<group>"; };
/* End PBXFileReference section */

/* Begin PBXFrameworksBuildPhase section */
		4980429520C90AA300DB2839 /* Frameworks */ = {
			isa = PBXFrameworksBuildPhase;
			buildActionMask = 2147483647;
			files = (
			);
			runOnlyForDeploymentPostprocessing = 0;
		};
/* End PBXFrameworksBuildPhase section */

/* Begin PBXGroup section */
		4980428F20C90AA100DB2839 = {
			isa = PBXGroup;
			children = (
				4980429A20C90AA300DB2839 /* PulseCircle&ShakeTextField */,
				4980429920C90AA300DB2839 /* Products */,
			);
			sourceTree = "<group>";
		};
		4980429920C90AA300DB2839 /* Products */ = {
			isa = PBXGroup;
			children = (
				4980429820C90AA300DB2839 /* PulseCircle&ShakeTextField.app */,
			);
			name = Products;
			sourceTree = "<group>";
		};
		4980429A20C90AA300DB2839 /* PulseCircle&ShakeTextField */ = {
			isa = PBXGroup;
			children = (
				4980429B20C90AA300DB2839 /* AppDelegate.swift */,
				498042AD20C90B4900DB2839 /* ShakingTextField.swift */,
				498042AF20C9158F00DB2839 /* Pulsing.swift */,
				4980429D20C90AA300DB2839 /* ViewController.swift */,
				4980429F20C90AA400DB2839 /* Main.storyboard */,
				498042A220C90ABA00DB2839 /* Assets.xcassets */,
				498042A420C90ABA00DB2839 /* LaunchScreen.storyboard */,
				498042A720C90ABA00DB2839 /* Info.plist */,
			);
			path = "PulseCircle&ShakeTextField";
			sourceTree = "<group>";
		};
/* End PBXGroup section */

/* Begin PBXNativeTarget section */
		4980429720C90AA300DB2839 /* PulseCircle&ShakeTextField */ = {
			isa = PBXNativeTarget;
			buildConfigurationList = 498042AA20C90ABA00DB2839 /* Build configuration list for PBXNativeTarget "PulseCircle&ShakeTextField" */;
			buildPhases = (
				4980429420C90AA300DB2839 /* Sources */,
				4980429520C90AA300DB2839 /* Frameworks */,
				4980429620C90AA300DB2839 /* Resources */,
			);
			buildRules = (
			);
			dependencies = (
			);
			name = "PulseCircle&ShakeTextField";
			productName = "PulseCircle&ShakeTextField";
			productReference = 4980429820C90AA300DB2839 /* PulseCircle&ShakeTextField.app */;
			productType = "com.apple.product-type.application";
		};
/* End PBXNativeTarget section */

/* Begin PBXProject section */
		4980429020C90AA100DB2839 /* Project object */ = {
			isa = PBXProject;
			attributes = {
				LastSwiftUpdateCheck = 0930;
				LastUpgradeCheck = 0930;
				ORGANIZATIONNAME = "Sergey Gaponov";
				TargetAttributes = {
					4980429720C90AA300DB2839 = {
						CreatedOnToolsVersion = 9.3;
					};
				};
			};
			buildConfigurationList = 4980429320C90AA200DB2839 /* Build configuration list for PBXProject "PulseCircle&ShakeTextField" */;
			compatibilityVersion = "Xcode 9.3";
			developmentRegion = en;
			hasScannedForEncodings = 0;
			knownRegions = (
				en,
				Base,
			);
			mainGroup = 4980428F20C90AA100DB2839;
			productRefGroup = 4980429920C90AA300DB2839 /* Products */;
			projectDirPath = "";
			projectRoot = "";
			targets = (
				4980429720C90AA300DB2839 /* PulseCircle&ShakeTextField */,
			);
		};
/* End PBXProject section */

/* Begin PBXResourcesBuildPhase section */
		4980429620C90AA300DB2839 /* Resources */ = {
			isa = PBXResourcesBuildPhase;
			buildActionMask = 2147483647;
			files = (
				498042A620C90ABA00DB2839 /* LaunchScreen.storyboard in Resources */,
				498042A320C90ABA00DB2839 /* Assets.xcassets in Resources */,
				498042A120C90AA400DB2839 /* Main.storyboard in Resources */,
			);
			runOnlyForDeploymentPostprocessing = 0;
		};
/* End PBXResourcesBuildPhase section */

/* Begin PBXSourcesBuildPhase section */
		4980429420C90AA300DB2839 /* Sources */ = {
			isa = PBXSourcesBuildPhase;
			buildActionMask = 2147483647;
			files = (
				4980429E20C90AA300DB2839 /* ViewController.swift in Sources */,
				4980429C20C90AA300DB2839 /* AppDelegate.swift in Sources */,
				498042B020C9158F00DB2839 /* Pulsing.swift in Sources */,
				498042AE20C90B4900DB2839 /* ShakingTextField.swift in Sources */,
			);
			runOnlyForDeploymentPostprocessing = 0;
		};
/* End PBXSourcesBuildPhase section */

/* Begin PBXVariantGroup section */
		4980429F20C90AA400DB2839 /* Main.storyboard */ = {
			isa = PBXVariantGroup;
			children = (
				498042A020C90AA400DB2839 /* Base */,
			);
			name = Main.storyboard;
			sourceTree = "<group>";
		};
		498042A420C90ABA00DB2839 /* LaunchScreen.storyboard */ = {
			isa = PBXVariantGroup;
			children = (
				498042A520C90ABA00DB2839 /* Base */,
			);
			name = LaunchScreen.storyboard;
			sourceTree = "<group>";
		};
/* End PBXVariantGroup section */

/* Begin XCBuildConfiguration section */
		498042A820C90ABA00DB2839 /* Debug */ = {
			isa = XCBuildConfiguration;
			buildSettings = {
				ALWAYS_SEARCH_USER_PATHS = NO;
				CLANG_ANALYZER_NONNULL = YES;
				CLANG_ANALYZER_NUMBER_OBJECT_CONVERSION = YES_AGGRESSIVE;
				CLANG_CXX_LANGUAGE_STANDARD = "gnu++14";
				CLANG_CXX_LIBRARY = "libc++";
				CLANG_ENABLE_MODULES = YES;
				CLANG_ENABLE_OBJC_ARC = YES;
				CLANG_ENABLE_OBJC_WEAK = YES;
				CLANG_WARN_BLOCK_CAPTURE_AUTORELEASING = YES;
				CLANG_WARN_BOOL_CONVERSION = YES;
				CLANG_WARN_COMMA = YES;
				CLANG_WARN_CONSTANT_CONVERSION = YES;
				CLANG_WARN_DEPRECATED_OBJC_IMPLEMENTATIONS = YES;
				CLANG_WARN_DIRECT_OBJC_ISA_USAGE = YES_ERROR;
				CLANG_WARN_DOCUMENTATION_COMMENTS = YES;
				CLANG_WARN_EMPTY_BODY = YES;
				CLANG_WARN_ENUM_CONVERSION = YES;
				CLANG_WARN_INFINITE_RECURSION = YES;
				CLANG_WARN_INT_CONVERSION = YES;
				CLANG_WARN_NON_LITERAL_NULL_CONVERSION = YES;
				CLANG_WARN_OBJC_IMPLICIT_RETAIN_SELF = YES;
				CLANG_WARN_OBJC_LITERAL_CONVERSION = YES;
				CLANG_WARN_OBJC_ROOT_CLASS = YES_ERROR;
				CLANG_WARN_RANGE_LOOP_ANALYSIS = YES;
				CLANG_WARN_STRICT_PROTOTYPES = YES;
				CLANG_WARN_SUSPICIOUS_MOVE = YES;
				CLANG_WARN_UNGUARDED_AVAILABILITY = YES_AGGRESSIVE;
				CLANG_WARN_UNREACHABLE_CODE = YES;
				CLANG_WARN__DUPLICATE_METHOD_MATCH = YES;
				CODE_SIGN_IDENTITY = "iPhone Developer";
				COPY_PHASE_STRIP = NO;
				DEBUG_INFORMATION_FORMAT = dwarf;
				ENABLE_STRICT_OBJC_MSGSEND = YES;
				ENABLE_TESTABILITY = YES;
				GCC_C_LANGUAGE_STANDARD = gnu11;
				GCC_DYNAMIC_NO_PIC = NO;
				GCC_NO_COMMON_BLOCKS = YES;
				GCC_OPTIMIZATION_LEVEL = 0;
				GCC_PREPROCESSOR_DEFINITIONS = (
					"DEBUG=1",
					"$(inherited)",
				);
				GCC_WARN_64_TO_32_BIT_CONVERSION = YES;
				GCC_WARN_ABOUT_RETURN_TYPE = YES_ERROR;
				GCC_WARN_UNDECLARED_SELECTOR = YES;
				GCC_WARN_UNINITIALIZED_AUTOS = YES_AGGRESSIVE;
				GCC_WARN_UNUSED_FUNCTION = YES;
				GCC_WARN_UNUSED_VARIABLE = YES;
				IPHONEOS_DEPLOYMENT_TARGET = 11.3;
				MTL_ENABLE_DEBUG_INFO = YES;
				ONLY_ACTIVE_ARCH = YES;
				SDKROOT = iphoneos;
				SWIFT_ACTIVE_COMPILATION_CONDITIONS = DEBUG;
				SWIFT_OPTIMIZATION_LEVEL = "-Onone";
			};
			name = Debug;
		};
		498042A920C90ABA00DB2839 /* Release */ = {
			isa = XCBuildConfiguration;
			buildSettings = {
				ALWAYS_SEARCH_USER_PATHS = NO;
				CLANG_ANALYZER_NONNULL = YES;
				CLANG_ANALYZER_NUMBER_OBJECT_CONVERSION = YES_AGGRESSIVE;
				CLANG_CXX_LANGUAGE_STANDARD = "gnu++14";
				CLANG_CXX_LIBRARY = "libc++";
				CLANG_ENABLE_MODULES = YES;
				CLANG_ENABLE_OBJC_ARC = YES;
				CLANG_ENABLE_OBJC_WEAK = YES;
				CLANG_WARN_BLOCK_CAPTURE_AUTORELEASING = YES;
				CLANG_WARN_BOOL_CONVERSION = YES;
				CLANG_WARN_COMMA = YES;
				CLANG_WARN_CONSTANT_CONVERSION = YES;
				CLANG_WARN_DEPRECATED_OBJC_IMPLEMENTATIONS = YES;
				CLANG_WARN_DIRECT_OBJC_ISA_USAGE = YES_ERROR;
				CLANG_WARN_DOCUMENTATION_COMMENTS = YES;
				CLANG_WARN_EMPTY_BODY = YES;
				CLANG_WARN_ENUM_CONVERSION = YES;
				CLANG_WARN_INFINITE_RECURSION = YES;
				CLANG_WARN_INT_CONVERSION = YES;
				CLANG_WARN_NON_LITERAL_NULL_CONVERSION = YES;
				CLANG_WARN_OBJC_IMPLICIT_RETAIN_SELF = YES;
				CLANG_WARN_OBJC_LITERAL_CONVERSION = YES;
				CLANG_WARN_OBJC_ROOT_CLASS = YES_ERROR;
				CLANG_WARN_RANGE_LOOP_ANALYSIS = YES;
				CLANG_WARN_STRICT_PROTOTYPES = YES;
				CLANG_WARN_SUSPICIOUS_MOVE = YES;
				CLANG_WARN_UNGUARDED_AVAILABILITY = YES_AGGRESSIVE;
				CLANG_WARN_UNREACHABLE_CODE = YES;
				CLANG_WARN__DUPLICATE_METHOD_MATCH = YES;
				CODE_SIGN_IDENTITY = "iPhone Developer";
				COPY_PHASE_STRIP = NO;
				DEBUG_INFORMATION_FORMAT = "dwarf-with-dsym";
				ENABLE_NS_ASSERTIONS = NO;
				ENABLE_STRICT_OBJC_MSGSEND = YES;
				GCC_C_LANGUAGE_STANDARD = gnu11;
				GCC_NO_COMMON_BLOCKS = YES;
				GCC_WARN_64_TO_32_BIT_CONVERSION = YES;
				GCC_WARN_ABOUT_RETURN_TYPE = YES_ERROR;
				GCC_WARN_UNDECLARED_SELECTOR = YES;
				GCC_WARN_UNINITIALIZED_AUTOS = YES_AGGRESSIVE;
				GCC_WARN_UNUSED_FUNCTION = YES;
				GCC_WARN_UNUSED_VARIABLE = YES;
				IPHONEOS_DEPLOYMENT_TARGET = 11.3;
				MTL_ENABLE_DEBUG_INFO = NO;
				SDKROOT = iphoneos;
				SWIFT_COMPILATION_MODE = wholemodule;
				SWIFT_OPTIMIZATION_LEVEL = "-O";
				VALIDATE_PRODUCT = YES;
			};
			name = Release;
		};
		498042AB20C90ABA00DB2839 /* Debug */ = {
			isa = XCBuildConfiguration;
			buildSettings = {
				ASSETCATALOG_COMPILER_APPICON_NAME = AppIcon;
				CODE_SIGN_STYLE = Automatic;
				DEVELOPMENT_TEAM = FX7KZ75KQ4;
				INFOPLIST_FILE = "PulseCircle&ShakeTextField/Info.plist";
				LD_RUNPATH_SEARCH_PATHS = (
					"$(inherited)",
					"@executable_path/Frameworks",
				);
				PRODUCT_BUNDLE_IDENTIFIER = "sergeygaponov.PulseCircle-ShakeTextField";
				PRODUCT_NAME = "$(TARGET_NAME)";
				SWIFT_VERSION = 4.0;
				TARGETED_DEVICE_FAMILY = "1,2";
			};
			name = Debug;
		};
		498042AC20C90ABA00DB2839 /* Release */ = {
			isa = XCBuildConfiguration;
			buildSettings = {
				ASSETCATALOG_COMPILER_APPICON_NAME = AppIcon;
				CODE_SIGN_STYLE = Automatic;
				DEVELOPMENT_TEAM = FX7KZ75KQ4;
				INFOPLIST_FILE = "PulseCircle&ShakeTextField/Info.plist";
				LD_RUNPATH_SEARCH_PATHS = (
					"$(inherited)",
					"@executable_path/Frameworks",
				);
				PRODUCT_BUNDLE_IDENTIFIER = "sergeygaponov.PulseCircle-ShakeTextField";
				PRODUCT_NAME = "$(TARGET_NAME)";
				SWIFT_VERSION = 4.0;
				TARGETED_DEVICE_FAMILY = "1,2";
			};
			name = Release;
		};
/* End XCBuildConfiguration section */

/* Begin XCConfigurationList section */
		4980429320C90AA200DB2839 /* Build configuration list for PBXProject "PulseCircle&ShakeTextField" */ = {
			isa = XCConfigurationList;
			buildConfigurations = (
				498042A820C90ABA00DB2839 /* Debug */,
				498042A920C90ABA00DB2839 /* Release */,
			);
			defaultConfigurationIsVisible = 0;
			defaultConfigurationName = Release;
		};
		498042AA20C90ABA00DB2839 /* Build configuration list for PBXNativeTarget "PulseCircle&ShakeTextField" */ = {
			isa = XCConfigurationList;
			buildConfigurations = (
				498042AB20C90ABA00DB2839 /* Debug */,
				498042AC20C90ABA00DB2839 /* Release */,
			);
			defaultConfigurationIsVisible = 0;
			defaultConfigurationName = Release;
		};
/* End XCConfigurationList section */
	};
	rootObject = 4980429020C90AA100DB2839 /* Project object */;
}
